
Microsoft Visual Studio Solution File, Format Version 12.00
# Visual Studio Version 17
VisualStudioVersion = 17.0.31903.59
MinimumVisualStudioVersion = 10.0.40219.1
Project("{FAE04EC0-301F-11D3-BF4B-00C04F79EFBC}") = "PrimeService", "PrimeService\PrimeService.csproj", "{A0BF5B32-9E33-47EF-85E3-5153215C0961}"
EndProject
Project("{FAE04EC0-301F-11D3-BF4B-00C04F79EFBC}") = "PrimeService.Tests", "PrimeService.Tests\PrimeService.Tests.csproj", "{9D2BB1B7-7AE0-44A4-81FB-05691A43F5ED}"
EndProject
Project("{FAE04EC0-301F-11D3-BF4B-00C04F79EFBC}") = "WebApp", "WebApp\WebApp.csproj", "{4E1D7EB9-62AC-4E37-82F9-9EF342FF3B33}"
EndProject
Global
	GlobalSection(SolutionConfigurationPlatforms) = preSolution
		Debug|Any CPU = Debug|Any CPU
		Release|Any CPU = Release|Any CPU
	EndGlobalSection
	GlobalSection(SolutionProperties) = preSolution
		HideSolutionNode = FALSE
	EndGlobalSection
	GlobalSection(ProjectConfigurationPlatforms) = postSolution
		{A0BF5B32-9E33-47EF-85E3-5153215C0961}.Debug|Any CPU.ActiveCfg = Debug|Any CPU
		{A0BF5B32-9E33-47EF-85E3-5153215C0961}.Debug|Any CPU.Build.0 = Debug|Any CPU
		{A0BF5B32-9E33-47EF-85E3-5153215C0961}.Release|Any CPU.ActiveCfg = Release|Any CPU
		{A0BF5B32-9E33-47EF-85E3-5153215C0961}.Release|Any CPU.Build.0 = Release|Any CPU
		{9D2BB1B7-7AE0-44A4-81FB-05691A43F5ED}.Debug|Any CPU.ActiveCfg = Debug|Any CPU
		{9D2BB1B7-7AE0-44A4-81FB-05691A43F5ED}.Debug|Any CPU.Build.0 = Debug|Any CPU
		{9D2BB1B7-7AE0-44A4-81FB-05691A43F5ED}.Release|Any CPU.ActiveCfg = Release|Any CPU
		{9D2BB1B7-7AE0-44A4-81FB-05691A43F5ED}.Release|Any CPU.Build.0 = Release|Any CPU
		{4E1D7EB9-62AC-4E37-82F9-9EF342FF3B33}.Debug|Any CPU.ActiveCfg = Debug|Any CPU
		{4E1D7EB9-62AC-4E37-82F9-9EF342FF3B33}.Debug|Any CPU.Build.0 = Debug|Any CPU
		{4E1D7EB9-62AC-4E37-82F9-9EF342FF3B33}.Release|Any CPU.ActiveCfg = Release|Any CPU
		{4E1D7EB9-62AC-4E37-82F9-9EF342FF3B33}.Release|Any CPU.Build.0 = Release|Any CPU
	EndGlobalSection
EndGlobal
